
Microsoft Visual Studio Solution File, Format Version 12.00
# Visual Studio Version 17
VisualStudioVersion = 17.1.32328.378
MinimumVisualStudioVersion = 10.0.40219.1
Project("{FAE04EC0-301F-11D3-BF4B-00C04F79EFBC}") = "InvoiceGeneratorStatements", "InvoiceGeneratorStatements.csproj", "{A5837F4A-ECBB-4DE0-80E8-27977DE895E9}"
EndProject
Project("{FAE04EC0-301F-11D3-BF4B-00C04F79EFBC}") = "GeneratedInvoiceTesting", "..\GeneratedInvoiceTesting\GeneratedInvoiceTesting.csproj", "{7DBD7A1E-75F6-41E4-89F2-463FE8123679}"
EndProject
Global
	GlobalSection(SolutionConfigurationPlatforms) = preSolution
		Debug|Any CPU = Debug|Any CPU
		Release|Any CPU = Release|Any CPU
	EndGlobalSection
	GlobalSection(ProjectConfigurationPlatforms) = postSolution
		{A5837F4A-ECBB-4DE0-80E8-27977DE895E9}.Debug|Any CPU.ActiveCfg = Debug|Any CPU
		{A5837F4A-ECBB-4DE0-80E8-27977DE895E9}.Debug|Any CPU.Build.0 = Debug|Any CPU
		{A5837F4A-ECBB-4DE0-80E8-27977DE895E9}.Release|Any CPU.ActiveCfg = Release|Any CPU
		{A5837F4A-ECBB-4DE0-80E8-27977DE895E9}.Release|Any CPU.Build.0 = Release|Any CPU
		{7DBD7A1E-75F6-41E4-89F2-463FE8123679}.Debug|Any CPU.ActiveCfg = Debug|Any CPU
		{7DBD7A1E-75F6-41E4-89F2-463FE8123679}.Debug|Any CPU.Build.0 = Debug|Any CPU
		{7DBD7A1E-75F6-41E4-89F2-463FE8123679}.Release|Any CPU.ActiveCfg = Release|Any CPU
		{7DBD7A1E-75F6-41E4-89F2-463FE8123679}.Release|Any CPU.Build.0 = Release|Any CPU
	EndGlobalSection
	GlobalSection(SolutionProperties) = preSolution
		HideSolutionNode = FALSE
	EndGlobalSection
	GlobalSection(ExtensibilityGlobals) = postSolution
		SolutionGuid = {92E2BD62-9562-46B9-8A19-006EFBC090EF}
	EndGlobalSection
EndGlobal
